
Microsoft Visual Studio Solution File, Format Version 11.00
# Visual Studio 2010
Project("{FAE04EC0-301F-11D3-BF4B-00C04F79EFBC}") = "Assembly-CSharp", "Assembly-CSharp.csproj", "{01068689-97fe-6825-057b-b17ffd4960c5}"
EndProject
Project("{FAE04EC0-301F-11D3-BF4B-00C04F79EFBC}") = "Assembly-CSharp-Editor", "Assembly-CSharp-Editor.csproj", "{a8e9dc99-b7e2-fac3-e75d-e39324ca94de}"
EndProject
Global
	GlobalSection(SolutionConfigurationPlatforms) = preSolution
		Debug|Any CPU = Debug|Any CPU
	EndGlobalSection
	GlobalSection(ProjectConfigurationPlatforms) = postSolution
		{01068689-97fe-6825-057b-b17ffd4960c5}.Debug|Any CPU.ActiveCfg = Debug|Any CPU
		{01068689-97fe-6825-057b-b17ffd4960c5}.Debug|Any CPU.Build.0 = Debug|Any CPU
		{a8e9dc99-b7e2-fac3-e75d-e39324ca94de}.Debug|Any CPU.ActiveCfg = Debug|Any CPU
		{a8e9dc99-b7e2-fac3-e75d-e39324ca94de}.Debug|Any CPU.Build.0 = Debug|Any CPU
	EndGlobalSection
	GlobalSection(SolutionProperties) = preSolution
		HideSolutionNode = FALSE
	EndGlobalSection
EndGlobal
